// !$*UTF8*$!
{
	archiveVersion = 1;
	classes = {
	};
	objectVersion = 55;
	objects = {

/* Begin PBXBuildFile section */
		2A95999828A8346200ADBE90 /* TripListView.swift in Sources */ = {isa = PBXBuildFile; fileRef = 2A95999728A8346200ADBE90 /* TripListView.swift */; };
		2A95999C28A83A5200ADBE90 /* Trip.swift in Sources */ = {isa = PBXBuildFile; fileRef = 2A95999B28A83A5200ADBE90 /* Trip.swift */; };
		2AA4A34128A6E8300052828B /* PersistenceController.swift in Sources */ = {isa = PBXBuildFile; fileRef = 2AA4A34028A6E8300052828B /* PersistenceController.swift */; };
		2ACF12A628A6A5C70035BD4D /* Segue3App.swift in Sources */ = {isa = PBXBuildFile; fileRef = 2ACF12A528A6A5C70035BD4D /* Segue3App.swift */; };
		2ACF12A828A6A5C70035BD4D /* ContentView.swift in Sources */ = {isa = PBXBuildFile; fileRef = 2ACF12A728A6A5C70035BD4D /* ContentView.swift */; };
		2ACF12AA28A6A5CC0035BD4D /* Assets.xcassets in Resources */ = {isa = PBXBuildFile; fileRef = 2ACF12A928A6A5CC0035BD4D /* Assets.xcassets */; };
		2ACF12AD28A6A5CC0035BD4D /* Preview Assets.xcassets in Resources */ = {isa = PBXBuildFile; fileRef = 2ACF12AC28A6A5CC0035BD4D /* Preview Assets.xcassets */; };
		2ACF12B528A6A7100035BD4D /* Business.swift in Sources */ = {isa = PBXBuildFile; fileRef = 2ACF12B428A6A7100035BD4D /* Business.swift */; };
		2ACF12BA28A6A7AC0035BD4D /* YelpFusionController.swift in Sources */ = {isa = PBXBuildFile; fileRef = 2ACF12B928A6A7AC0035BD4D /* YelpFusionController.swift */; };
		2ACF12BC28A6A7D00035BD4D /* NetworkError.swift in Sources */ = {isa = PBXBuildFile; fileRef = 2ACF12BB28A6A7D00035BD4D /* NetworkError.swift */; };
/* End PBXBuildFile section */

/* Begin PBXFileReference section */
		2A95999728A8346200ADBE90 /* TripListView.swift */ = {isa = PBXFileReference; lastKnownFileType = sourcecode.swift; path = TripListView.swift; sourceTree = "<group>"; };
		2A95999B28A83A5200ADBE90 /* Trip.swift */ = {isa = PBXFileReference; lastKnownFileType = sourcecode.swift; path = Trip.swift; sourceTree = "<group>"; };
		2AA4A34028A6E8300052828B /* PersistenceController.swift */ = {isa = PBXFileReference; lastKnownFileType = sourcecode.swift; path = PersistenceController.swift; sourceTree = "<group>"; };
		2ACF12A228A6A5C70035BD4D /* Segue3.app */ = {isa = PBXFileReference; explicitFileType = wrapper.application; includeInIndex = 0; path = Segue3.app; sourceTree = BUILT_PRODUCTS_DIR; };
		2ACF12A528A6A5C70035BD4D /* Segue3App.swift */ = {isa = PBXFileReference; lastKnownFileType = sourcecode.swift; path = Segue3App.swift; sourceTree = "<group>"; };
		2ACF12A728A6A5C70035BD4D /* ContentView.swift */ = {isa = PBXFileReference; lastKnownFileType = sourcecode.swift; path = ContentView.swift; sourceTree = "<group>"; };
		2ACF12A928A6A5CC0035BD4D /* Assets.xcassets */ = {isa = PBXFileReference; lastKnownFileType = folder.assetcatalog; path = Assets.xcassets; sourceTree = "<group>"; };
		2ACF12AC28A6A5CC0035BD4D /* Preview Assets.xcassets */ = {isa = PBXFileReference; lastKnownFileType = folder.assetcatalog; path = "Preview Assets.xcassets"; sourceTree = "<group>"; };
		2ACF12B428A6A7100035BD4D /* Business.swift */ = {isa = PBXFileReference; lastKnownFileType = sourcecode.swift; path = Business.swift; sourceTree = "<group>"; };
		2ACF12B928A6A7AC0035BD4D /* YelpFusionController.swift */ = {isa = PBXFileReference; lastKnownFileType = sourcecode.swift; path = YelpFusionController.swift; sourceTree = "<group>"; };
		2ACF12BB28A6A7D00035BD4D /* NetworkError.swift */ = {isa = PBXFileReference; lastKnownFileType = sourcecode.swift; path = NetworkError.swift; sourceTree = "<group>"; };
/* End PBXFileReference section */

/* Begin PBXFrameworksBuildPhase section */
		2ACF129F28A6A5C70035BD4D /* Frameworks */ = {
			isa = PBXFrameworksBuildPhase;
			buildActionMask = 2147483647;
			files = (
			);
			runOnlyForDeploymentPostprocessing = 0;
		};
/* End PBXFrameworksBuildPhase section */

/* Begin PBXGroup section */
		2A95999628A8341E00ADBE90 /* Views */ = {
			isa = PBXGroup;
			children = (
				2ACF12A728A6A5C70035BD4D /* ContentView.swift */,
				2A95999728A8346200ADBE90 /* TripListView.swift */,
			);
			path = Views;
			sourceTree = "<group>";
		};
		2AA4A33D28A6B5A50052828B /* Helpers&Extensions */ = {
			isa = PBXGroup;
			children = (
				2AA4A33E28A6B5BE0052828B /* HelperViews */,
			);
			path = "Helpers&Extensions";
			sourceTree = "<group>";
		};
		2AA4A33E28A6B5BE0052828B /* HelperViews */ = {
			isa = PBXGroup;
			children = (
			);
			path = HelperViews;
			sourceTree = "<group>";
		};
		2AA4A33F28A6D2350052828B /* Resources */ = {
			isa = PBXGroup;
			children = (
				2ACF12AB28A6A5CC0035BD4D /* Preview Content */,
				2ACF12A928A6A5CC0035BD4D /* Assets.xcassets */,
			);
			path = Resources;
			sourceTree = "<group>";
		};
		2ACF129928A6A5C70035BD4D = {
			isa = PBXGroup;
			children = (
				2ACF12A428A6A5C70035BD4D /* Segue3 */,
				2ACF12A328A6A5C70035BD4D /* Products */,
			);
			sourceTree = "<group>";
		};
		2ACF12A328A6A5C70035BD4D /* Products */ = {
			isa = PBXGroup;
			children = (
				2ACF12A228A6A5C70035BD4D /* Segue3.app */,
			);
			name = Products;
			sourceTree = "<group>";
		};
		2ACF12A428A6A5C70035BD4D /* Segue3 */ = {
			isa = PBXGroup;
			children = (
				2ACF12A528A6A5C70035BD4D /* Segue3App.swift */,
				2AA4A33D28A6B5A50052828B /* Helpers&Extensions */,
				2ACF12B328A6A7050035BD4D /* Models */,
				2A95999628A8341E00ADBE90 /* Views */,
				2ACF12B828A6A7730035BD4D /* NetworkControllers */,
				2AA4A33F28A6D2350052828B /* Resources */,
				2AA4A34028A6E8300052828B /* PersistenceController.swift */,
			);
			path = Segue3;
			sourceTree = "<group>";
		};
		2ACF12AB28A6A5CC0035BD4D /* Preview Content */ = {
			isa = PBXGroup;
			children = (
				2ACF12AC28A6A5CC0035BD4D /* Preview Assets.xcassets */,
			);
			path = "Preview Content";
			sourceTree = "<group>";
		};
		2ACF12B328A6A7050035BD4D /* Models */ = {
			isa = PBXGroup;
			children = (
				2ACF12B428A6A7100035BD4D /* Business.swift */,
				2A95999B28A83A5200ADBE90 /* Trip.swift */,
			);
			path = Models;
			sourceTree = "<group>";
		};
		2ACF12B828A6A7730035BD4D /* NetworkControllers */ = {
			isa = PBXGroup;
			children = (
				2ACF12BB28A6A7D00035BD4D /* NetworkError.swift */,
				2ACF12B928A6A7AC0035BD4D /* YelpFusionController.swift */,
			);
			path = NetworkControllers;
			sourceTree = "<group>";
		};
/* End PBXGroup section */

/* Begin PBXNativeTarget section */
		2ACF12A128A6A5C70035BD4D /* Segue3 */ = {
			isa = PBXNativeTarget;
			buildConfigurationList = 2ACF12B028A6A5CC0035BD4D /* Build configuration list for PBXNativeTarget "Segue3" */;
			buildPhases = (
				2ACF129E28A6A5C70035BD4D /* Sources */,
				2ACF129F28A6A5C70035BD4D /* Frameworks */,
				2ACF12A028A6A5C70035BD4D /* Resources */,
			);
			buildRules = (
			);
			dependencies = (
			);
			name = Segue3;
			productName = Segue3;
			productReference = 2ACF12A228A6A5C70035BD4D /* Segue3.app */;
			productType = "com.apple.product-type.application";
		};
/* End PBXNativeTarget section */

/* Begin PBXProject section */
		2ACF129A28A6A5C70035BD4D /* Project object */ = {
			isa = PBXProject;
			attributes = {
				BuildIndependentTargetsInParallel = 1;
				LastSwiftUpdateCheck = 1340;
				LastUpgradeCheck = 1340;
				TargetAttributes = {
					2ACF12A128A6A5C70035BD4D = {
						CreatedOnToolsVersion = 13.4.1;
					};
				};
			};
			buildConfigurationList = 2ACF129D28A6A5C70035BD4D /* Build configuration list for PBXProject "Segue3" */;
			compatibilityVersion = "Xcode 13.0";
			developmentRegion = en;
			hasScannedForEncodings = 0;
			knownRegions = (
				en,
				Base,
			);
			mainGroup = 2ACF129928A6A5C70035BD4D;
			productRefGroup = 2ACF12A328A6A5C70035BD4D /* Products */;
			projectDirPath = "";
			projectRoot = "";
			targets = (
				2ACF12A128A6A5C70035BD4D /* Segue3 */,
			);
		};
/* End PBXProject section */

/* Begin PBXResourcesBuildPhase section */
		2ACF12A028A6A5C70035BD4D /* Resources */ = {
			isa = PBXResourcesBuildPhase;
			buildActionMask = 2147483647;
			files = (
				2ACF12AD28A6A5CC0035BD4D /* Preview Assets.xcassets in Resources */,
				2ACF12AA28A6A5CC0035BD4D /* Assets.xcassets in Resources */,
			);
			runOnlyForDeploymentPostprocessing = 0;
		};
/* End PBXResourcesBuildPhase section */

/* Begin PBXSourcesBuildPhase section */
		2ACF129E28A6A5C70035BD4D /* Sources */ = {
			isa = PBXSourcesBuildPhase;
			buildActionMask = 2147483647;
			files = (
				2A95999828A8346200ADBE90 /* TripListView.swift in Sources */,
				2ACF12A828A6A5C70035BD4D /* ContentView.swift in Sources */,
				2ACF12B528A6A7100035BD4D /* Business.swift in Sources */,
				2ACF12A628A6A5C70035BD4D /* Segue3App.swift in Sources */,
				2A95999C28A83A5200ADBE90 /* Trip.swift in Sources */,
				2AA4A34128A6E8300052828B /* PersistenceController.swift in Sources */,
				2ACF12BA28A6A7AC0035BD4D /* YelpFusionController.swift in Sources */,
				2ACF12BC28A6A7D00035BD4D /* NetworkError.swift in Sources */,
			);
			runOnlyForDeploymentPostprocessing = 0;
		};
/* End PBXSourcesBuildPhase section */

/* Begin XCBuildConfiguration section */
		2ACF12AE28A6A5CC0035BD4D /* Debug */ = {
			isa = XCBuildConfiguration;
			buildSettings = {
				ALWAYS_SEARCH_USER_PATHS = NO;
				CLANG_ANALYZER_NONNULL = YES;
				CLANG_ANALYZER_NUMBER_OBJECT_CONVERSION = YES_AGGRESSIVE;
				CLANG_CXX_LANGUAGE_STANDARD = "gnu++17";
				CLANG_ENABLE_MODULES = YES;
				CLANG_ENABLE_OBJC_ARC = YES;
				CLANG_ENABLE_OBJC_WEAK = YES;
				CLANG_WARN_BLOCK_CAPTURE_AUTORELEASING = YES;
				CLANG_WARN_BOOL_CONVERSION = YES;
				CLANG_WARN_COMMA = YES;
				CLANG_WARN_CONSTANT_CONVERSION = YES;
				CLANG_WARN_DEPRECATED_OBJC_IMPLEMENTATIONS = YES;
				CLANG_WARN_DIRECT_OBJC_ISA_USAGE = YES_ERROR;
				CLANG_WARN_DOCUMENTATION_COMMENTS = YES;
				CLANG_WARN_EMPTY_BODY = YES;
				CLANG_WARN_ENUM_CONVERSION = YES;
				CLANG_WARN_INFINITE_RECURSION = YES;
				CLANG_WARN_INT_CONVERSION = YES;
				CLANG_WARN_NON_LITERAL_NULL_CONVERSION = YES;
				CLANG_WARN_OBJC_IMPLICIT_RETAIN_SELF = YES;
				CLANG_WARN_OBJC_LITERAL_CONVERSION = YES;
				CLANG_WARN_OBJC_ROOT_CLASS = YES_ERROR;
				CLANG_WARN_QUOTED_INCLUDE_IN_FRAMEWORK_HEADER = YES;
				CLANG_WARN_RANGE_LOOP_ANALYSIS = YES;
				CLANG_WARN_STRICT_PROTOTYPES = YES;
				CLANG_WARN_SUSPICIOUS_MOVE = YES;
				CLANG_WARN_UNGUARDED_AVAILABILITY = YES_AGGRESSIVE;
				CLANG_WARN_UNREACHABLE_CODE = YES;
				CLANG_WARN__DUPLICATE_METHOD_MATCH = YES;
				COPY_PHASE_STRIP = NO;
				DEBUG_INFORMATION_FORMAT = dwarf;
				ENABLE_STRICT_OBJC_MSGSEND = YES;
				ENABLE_TESTABILITY = YES;
				GCC_C_LANGUAGE_STANDARD = gnu11;
				GCC_DYNAMIC_NO_PIC = NO;
				GCC_NO_COMMON_BLOCKS = YES;
				GCC_OPTIMIZATION_LEVEL = 0;
				GCC_PREPROCESSOR_DEFINITIONS = (
					"DEBUG=1",
					"$(inherited)",
				);
				GCC_WARN_64_TO_32_BIT_CONVERSION = YES;
				GCC_WARN_ABOUT_RETURN_TYPE = YES_ERROR;
				GCC_WARN_UNDECLARED_SELECTOR = YES;
				GCC_WARN_UNINITIALIZED_AUTOS = YES_AGGRESSIVE;
				GCC_WARN_UNUSED_FUNCTION = YES;
				GCC_WARN_UNUSED_VARIABLE = YES;
				IPHONEOS_DEPLOYMENT_TARGET = 15.5;
				MTL_ENABLE_DEBUG_INFO = INCLUDE_SOURCE;
				MTL_FAST_MATH = YES;
				ONLY_ACTIVE_ARCH = YES;
				SDKROOT = iphoneos;
				SWIFT_ACTIVE_COMPILATION_CONDITIONS = DEBUG;
				SWIFT_OPTIMIZATION_LEVEL = "-Onone";
			};
			name = Debug;
		};
		2ACF12AF28A6A5CC0035BD4D /* Release */ = {
			isa = XCBuildConfiguration;
			buildSettings = {
				ALWAYS_SEARCH_USER_PATHS = NO;
				CLANG_ANALYZER_NONNULL = YES;
				CLANG_ANALYZER_NUMBER_OBJECT_CONVERSION = YES_AGGRESSIVE;
				CLANG_CXX_LANGUAGE_STANDARD = "gnu++17";
				CLANG_ENABLE_MODULES = YES;
				CLANG_ENABLE_OBJC_ARC = YES;
				CLANG_ENABLE_OBJC_WEAK = YES;
				CLANG_WARN_BLOCK_CAPTURE_AUTORELEASING = YES;
				CLANG_WARN_BOOL_CONVERSION = YES;
				CLANG_WARN_COMMA = YES;
				CLANG_WARN_CONSTANT_CONVERSION = YES;
				CLANG_WARN_DEPRECATED_OBJC_IMPLEMENTATIONS = YES;
				CLANG_WARN_DIRECT_OBJC_ISA_USAGE = YES_ERROR;
				CLANG_WARN_DOCUMENTATION_COMMENTS = YES;
				CLANG_WARN_EMPTY_BODY = YES;
				CLANG_WARN_ENUM_CONVERSION = YES;
				CLANG_WARN_INFINITE_RECURSION = YES;
				CLANG_WARN_INT_CONVERSION = YES;
				CLANG_WARN_NON_LITERAL_NULL_CONVERSION = YES;
				CLANG_WARN_OBJC_IMPLICIT_RETAIN_SELF = YES;
				CLANG_WARN_OBJC_LITERAL_CONVERSION = YES;
				CLANG_WARN_OBJC_ROOT_CLASS = YES_ERROR;
				CLANG_WARN_QUOTED_INCLUDE_IN_FRAMEWORK_HEADER = YES;
				CLANG_WARN_RANGE_LOOP_ANALYSIS = YES;
				CLANG_WARN_STRICT_PROTOTYPES = YES;
				CLANG_WARN_SUSPICIOUS_MOVE = YES;
				CLANG_WARN_UNGUARDED_AVAILABILITY = YES_AGGRESSIVE;
				CLANG_WARN_UNREACHABLE_CODE = YES;
				CLANG_WARN__DUPLICATE_METHOD_MATCH = YES;
				COPY_PHASE_STRIP = NO;
				DEBUG_INFORMATION_FORMAT = "dwarf-with-dsym";
				ENABLE_NS_ASSERTIONS = NO;
				ENABLE_STRICT_OBJC_MSGSEND = YES;
				GCC_C_LANGUAGE_STANDARD = gnu11;
				GCC_NO_COMMON_BLOCKS = YES;
				GCC_WARN_64_TO_32_BIT_CONVERSION = YES;
				GCC_WARN_ABOUT_RETURN_TYPE = YES_ERROR;
				GCC_WARN_UNDECLARED_SELECTOR = YES;
				GCC_WARN_UNINITIALIZED_AUTOS = YES_AGGRESSIVE;
				GCC_WARN_UNUSED_FUNCTION = YES;
				GCC_WARN_UNUSED_VARIABLE = YES;
				IPHONEOS_DEPLOYMENT_TARGET = 15.5;
				MTL_ENABLE_DEBUG_INFO = NO;
				MTL_FAST_MATH = YES;
				SDKROOT = iphoneos;
				SWIFT_COMPILATION_MODE = wholemodule;
				SWIFT_OPTIMIZATION_LEVEL = "-O";
				VALIDATE_PRODUCT = YES;
			};
			name = Release;
		};
		2ACF12B128A6A5CC0035BD4D /* Debug */ = {
			isa = XCBuildConfiguration;
			buildSettings = {
				ASSETCATALOG_COMPILER_APPICON_NAME = AppIcon;
				ASSETCATALOG_COMPILER_GLOBAL_ACCENT_COLOR_NAME = AccentColor;
				CODE_SIGN_STYLE = Automatic;
				CURRENT_PROJECT_VERSION = 1;
				DEVELOPMENT_ASSET_PATHS = "\"Segue3/Preview Content\"";
				DEVELOPMENT_TEAM = 385FZH5ARA;
				ENABLE_PREVIEWS = YES;
				GENERATE_INFOPLIST_FILE = YES;
				INFOPLIST_KEY_UIApplicationSceneManifest_Generation = YES;
				INFOPLIST_KEY_UIApplicationSupportsIndirectInputEvents = YES;
				INFOPLIST_KEY_UILaunchScreen_Generation = YES;
				INFOPLIST_KEY_UISupportedInterfaceOrientations_iPad = "UIInterfaceOrientationPortrait UIInterfaceOrientationPortraitUpsideDown UIInterfaceOrientationLandscapeLeft UIInterfaceOrientationLandscapeRight";
				INFOPLIST_KEY_UISupportedInterfaceOrientations_iPhone = "UIInterfaceOrientationPortrait UIInterfaceOrientationLandscapeLeft UIInterfaceOrientationLandscapeRight";
				LD_RUNPATH_SEARCH_PATHS = (
					"$(inherited)",
					"@executable_path/Frameworks",
				);
				MARKETING_VERSION = 1.0;
				PRODUCT_BUNDLE_IDENTIFIER = hackbrightXwalmart.Segue3;
				PRODUCT_NAME = "$(TARGET_NAME)";
				SWIFT_EMIT_LOC_STRINGS = YES;
				SWIFT_VERSION = 5.0;
				TARGETED_DEVICE_FAMILY = "1,2";
			};
			name = Debug;
		};
		2ACF12B228A6A5CC0035BD4D /* Release */ = {
			isa = XCBuildConfiguration;
			buildSettings = {
				ASSETCATALOG_COMPILER_APPICON_NAME = AppIcon;
				ASSETCATALOG_COMPILER_GLOBAL_ACCENT_COLOR_NAME = AccentColor;
				CODE_SIGN_STYLE = Automatic;
				CURRENT_PROJECT_VERSION = 1;
				DEVELOPMENT_ASSET_PATHS = "\"Segue3/Preview Content\"";
				DEVELOPMENT_TEAM = 385FZH5ARA;
				ENABLE_PREVIEWS = YES;
				GENERATE_INFOPLIST_FILE = YES;
				INFOPLIST_KEY_UIApplicationSceneManifest_Generation = YES;
				INFOPLIST_KEY_UIApplicationSupportsIndirectInputEvents = YES;
				INFOPLIST_KEY_UILaunchScreen_Generation = YES;
				INFOPLIST_KEY_UISupportedInterfaceOrientations_iPad = "UIInterfaceOrientationPortrait UIInterfaceOrientationPortraitUpsideDown UIInterfaceOrientationLandscapeLeft UIInterfaceOrientationLandscapeRight";
				INFOPLIST_KEY_UISupportedInterfaceOrientations_iPhone = "UIInterfaceOrientationPortrait UIInterfaceOrientationLandscapeLeft UIInterfaceOrientationLandscapeRight";
				LD_RUNPATH_SEARCH_PATHS = (
					"$(inherited)",
					"@executable_path/Frameworks",
				);
				MARKETING_VERSION = 1.0;
				PRODUCT_BUNDLE_IDENTIFIER = hackbrightXwalmart.Segue3;
				PRODUCT_NAME = "$(TARGET_NAME)";
				SWIFT_EMIT_LOC_STRINGS = YES;
				SWIFT_VERSION = 5.0;
				TARGETED_DEVICE_FAMILY = "1,2";
			};
			name = Release;
		};
/* End XCBuildConfiguration section */

/* Begin XCConfigurationList section */
		2ACF129D28A6A5C70035BD4D /* Build configuration list for PBXProject "Segue3" */ = {
			isa = XCConfigurationList;
			buildConfigurations = (
				2ACF12AE28A6A5CC0035BD4D /* Debug */,
				2ACF12AF28A6A5CC0035BD4D /* Release */,
			);
			defaultConfigurationIsVisible = 0;
			defaultConfigurationName = Release;
		};
		2ACF12B028A6A5CC0035BD4D /* Build configuration list for PBXNativeTarget "Segue3" */ = {
			isa = XCConfigurationList;
			buildConfigurations = (
				2ACF12B128A6A5CC0035BD4D /* Debug */,
				2ACF12B228A6A5CC0035BD4D /* Release */,
			);
			defaultConfigurationIsVisible = 0;
			defaultConfigurationName = Release;
		};
/* End XCConfigurationList section */
	};
	rootObject = 2ACF129A28A6A5C70035BD4D /* Project object */;
}
